// !$*UTF8*$!
{
	archiveVersion = 1;
	classes = {
	};
	objectVersion = 46;
	objects = {

/* Begin PBXBuildFile section */
		312C814C1A86540A006AD77E /* Bolts.framework in Frameworks */ = {isa = PBXBuildFile; fileRef = 312C814A1A86540A006AD77E /* Bolts.framework */; };
		312C814D1A86540A006AD77E /* Parse.framework in Frameworks */ = {isa = PBXBuildFile; fileRef = 312C814B1A86540A006AD77E /* Parse.framework */; };
		312C81511A865449006AD77E /* AudioToolbox.framework in Frameworks */ = {isa = PBXBuildFile; fileRef = 312C814E1A865449006AD77E /* AudioToolbox.framework */; };
		312C81521A865449006AD77E /* CFNetwork.framework in Frameworks */ = {isa = PBXBuildFile; fileRef = 312C814F1A865449006AD77E /* CFNetwork.framework */; };
		312C81531A865449006AD77E /* CoreGraphics.framework in Frameworks */ = {isa = PBXBuildFile; fileRef = 312C81501A865449006AD77E /* CoreGraphics.framework */; };
		312C81551A865450006AD77E /* MobileCoreServices.framework in Frameworks */ = {isa = PBXBuildFile; fileRef = 312C81541A865450006AD77E /* MobileCoreServices.framework */; };
		312C81571A865456006AD77E /* QuartzCore.framework in Frameworks */ = {isa = PBXBuildFile; fileRef = 312C81561A865456006AD77E /* QuartzCore.framework */; };
		312C81591A86545B006AD77E /* Security.framework in Frameworks */ = {isa = PBXBuildFile; fileRef = 312C81581A86545B006AD77E /* Security.framework */; };
		312C815B1A865462006AD77E /* StoreKit.framework in Frameworks */ = {isa = PBXBuildFile; fileRef = 312C815A1A865462006AD77E /* StoreKit.framework */; };
		312C815D1A86546E006AD77E /* SystemConfiguration.framework in Frameworks */ = {isa = PBXBuildFile; fileRef = 312C815C1A86546E006AD77E /* SystemConfiguration.framework */; };
		312C81601A865491006AD77E /* libsqlite3.dylib in Frameworks */ = {isa = PBXBuildFile; fileRef = 312C815E1A865491006AD77E /* libsqlite3.dylib */; };
		312C81611A865491006AD77E /* libz.dylib in Frameworks */ = {isa = PBXBuildFile; fileRef = 312C815F1A865491006AD77E /* libz.dylib */; };
		317B73BF1A867DDB004FF571 /* Roboto Condensed 300.ttf in Resources */ = {isa = PBXBuildFile; fileRef = 317B73B91A867DDB004FF571 /* Roboto Condensed 300.ttf */; };
		317B73C01A867DDB004FF571 /* Roboto Condensed 300italic.ttf in Resources */ = {isa = PBXBuildFile; fileRef = 317B73BA1A867DDB004FF571 /* Roboto Condensed 300italic.ttf */; };
		317B73C11A867DDB004FF571 /* Roboto Condensed 700.ttf in Resources */ = {isa = PBXBuildFile; fileRef = 317B73BB1A867DDB004FF571 /* Roboto Condensed 700.ttf */; };
		317B73C21A867DDB004FF571 /* Roboto Condensed 700italic.ttf in Resources */ = {isa = PBXBuildFile; fileRef = 317B73BC1A867DDB004FF571 /* Roboto Condensed 700italic.ttf */; };
		317B73C31A867DDB004FF571 /* Roboto Condensed italic.ttf in Resources */ = {isa = PBXBuildFile; fileRef = 317B73BD1A867DDB004FF571 /* Roboto Condensed italic.ttf */; };
		317B73C41A867DDB004FF571 /* Roboto Condensed regular.ttf in Resources */ = {isa = PBXBuildFile; fileRef = 317B73BE1A867DDB004FF571 /* Roboto Condensed regular.ttf */; };
		31BC261B1A8517B30026160A /* AppDelegate.swift in Sources */ = {isa = PBXBuildFile; fileRef = 31BC261A1A8517B30026160A /* AppDelegate.swift */; };
		31BC261D1A8517B30026160A /* LoginViewController.swift in Sources */ = {isa = PBXBuildFile; fileRef = 31BC261C1A8517B30026160A /* LoginViewController.swift */; };
		31BC26201A8517B30026160A /* Main.storyboard in Resources */ = {isa = PBXBuildFile; fileRef = 31BC261E1A8517B30026160A /* Main.storyboard */; };
		31BC26221A8517B30026160A /* Images.xcassets in Resources */ = {isa = PBXBuildFile; fileRef = 31BC26211A8517B30026160A /* Images.xcassets */; };
		31BC26251A8517B30026160A /* LaunchScreen.xib in Resources */ = {isa = PBXBuildFile; fileRef = 31BC26231A8517B30026160A /* LaunchScreen.xib */; };
		31BC26311A8517B30026160A /* WashupTests.swift in Sources */ = {isa = PBXBuildFile; fileRef = 31BC26301A8517B30026160A /* WashupTests.swift */; };
		31F3A43B1A86881600BFB0C8 /* RegisterViewController.swift in Sources */ = {isa = PBXBuildFile; fileRef = 31F3A43A1A86881600BFB0C8 /* RegisterViewController.swift */; };
		31F3A43E1A86936200BFB0C8 /* DashboardViewController.swift in Sources */ = {isa = PBXBuildFile; fileRef = 31F3A43D1A86936200BFB0C8 /* DashboardViewController.swift */; };
		31F3A4401A86982800BFB0C8 /* PickupViewController.swift in Sources */ = {isa = PBXBuildFile; fileRef = 31F3A43F1A86982800BFB0C8 /* PickupViewController.swift */; };
		31F72B361A87210B00967B50 /* FormValidators.swift in Sources */ = {isa = PBXBuildFile; fileRef = 31F72B351A87210B00967B50 /* FormValidators.swift */; };
/* End PBXBuildFile section */

/* Begin PBXContainerItemProxy section */
		31BC262B1A8517B30026160A /* PBXContainerItemProxy */ = {
			isa = PBXContainerItemProxy;
			containerPortal = 31BC260D1A8517B30026160A /* Project object */;
			proxyType = 1;
			remoteGlobalIDString = 31BC26141A8517B30026160A;
			remoteInfo = Washup;
		};
/* End PBXContainerItemProxy section */

/* Begin PBXFileReference section */
		312C814A1A86540A006AD77E /* Bolts.framework */ = {isa = PBXFileReference; lastKnownFileType = wrapper.framework; path = Bolts.framework; sourceTree = "<group>"; };
		312C814B1A86540A006AD77E /* Parse.framework */ = {isa = PBXFileReference; lastKnownFileType = wrapper.framework; path = Parse.framework; sourceTree = "<group>"; };
		312C814E1A865449006AD77E /* AudioToolbox.framework */ = {isa = PBXFileReference; lastKnownFileType = wrapper.framework; name = AudioToolbox.framework; path = System/Library/Frameworks/AudioToolbox.framework; sourceTree = SDKROOT; };
		312C814F1A865449006AD77E /* CFNetwork.framework */ = {isa = PBXFileReference; lastKnownFileType = wrapper.framework; name = CFNetwork.framework; path = System/Library/Frameworks/CFNetwork.framework; sourceTree = SDKROOT; };
		312C81501A865449006AD77E /* CoreGraphics.framework */ = {isa = PBXFileReference; lastKnownFileType = wrapper.framework; name = CoreGraphics.framework; path = System/Library/Frameworks/CoreGraphics.framework; sourceTree = SDKROOT; };
		312C81541A865450006AD77E /* MobileCoreServices.framework */ = {isa = PBXFileReference; lastKnownFileType = wrapper.framework; name = MobileCoreServices.framework; path = System/Library/Frameworks/MobileCoreServices.framework; sourceTree = SDKROOT; };
		312C81561A865456006AD77E /* QuartzCore.framework */ = {isa = PBXFileReference; lastKnownFileType = wrapper.framework; name = QuartzCore.framework; path = System/Library/Frameworks/QuartzCore.framework; sourceTree = SDKROOT; };
		312C81581A86545B006AD77E /* Security.framework */ = {isa = PBXFileReference; lastKnownFileType = wrapper.framework; name = Security.framework; path = System/Library/Frameworks/Security.framework; sourceTree = SDKROOT; };
		312C815A1A865462006AD77E /* StoreKit.framework */ = {isa = PBXFileReference; lastKnownFileType = wrapper.framework; name = StoreKit.framework; path = System/Library/Frameworks/StoreKit.framework; sourceTree = SDKROOT; };
		312C815C1A86546E006AD77E /* SystemConfiguration.framework */ = {isa = PBXFileReference; lastKnownFileType = wrapper.framework; name = SystemConfiguration.framework; path = System/Library/Frameworks/SystemConfiguration.framework; sourceTree = SDKROOT; };
		312C815E1A865491006AD77E /* libsqlite3.dylib */ = {isa = PBXFileReference; lastKnownFileType = "compiled.mach-o.dylib"; name = libsqlite3.dylib; path = usr/lib/libsqlite3.dylib; sourceTree = SDKROOT; };
		312C815F1A865491006AD77E /* libz.dylib */ = {isa = PBXFileReference; lastKnownFileType = "compiled.mach-o.dylib"; name = libz.dylib; path = usr/lib/libz.dylib; sourceTree = SDKROOT; };
		312C81621A86553C006AD77E /* Washup-Bridging-Header.h */ = {isa = PBXFileReference; lastKnownFileType = sourcecode.c.h; path = "Washup-Bridging-Header.h"; sourceTree = "<group>"; };
		317B73B91A867DDB004FF571 /* Roboto Condensed 300.ttf */ = {isa = PBXFileReference; lastKnownFileType = file; path = "Roboto Condensed 300.ttf"; sourceTree = "<group>"; };
		317B73BA1A867DDB004FF571 /* Roboto Condensed 300italic.ttf */ = {isa = PBXFileReference; lastKnownFileType = file; path = "Roboto Condensed 300italic.ttf"; sourceTree = "<group>"; };
		317B73BB1A867DDB004FF571 /* Roboto Condensed 700.ttf */ = {isa = PBXFileReference; lastKnownFileType = file; path = "Roboto Condensed 700.ttf"; sourceTree = "<group>"; };
		317B73BC1A867DDB004FF571 /* Roboto Condensed 700italic.ttf */ = {isa = PBXFileReference; lastKnownFileType = file; path = "Roboto Condensed 700italic.ttf"; sourceTree = "<group>"; };
		317B73BD1A867DDB004FF571 /* Roboto Condensed italic.ttf */ = {isa = PBXFileReference; lastKnownFileType = file; path = "Roboto Condensed italic.ttf"; sourceTree = "<group>"; };
		317B73BE1A867DDB004FF571 /* Roboto Condensed regular.ttf */ = {isa = PBXFileReference; lastKnownFileType = file; path = "Roboto Condensed regular.ttf"; sourceTree = "<group>"; };
		31BC26151A8517B30026160A /* Washup.app */ = {isa = PBXFileReference; explicitFileType = wrapper.application; includeInIndex = 0; path = Washup.app; sourceTree = BUILT_PRODUCTS_DIR; };
		31BC26191A8517B30026160A /* Info.plist */ = {isa = PBXFileReference; lastKnownFileType = text.plist.xml; path = Info.plist; sourceTree = "<group>"; };
		31BC261A1A8517B30026160A /* AppDelegate.swift */ = {isa = PBXFileReference; lastKnownFileType = sourcecode.swift; path = AppDelegate.swift; sourceTree = "<group>"; };
		31BC261C1A8517B30026160A /* LoginViewController.swift */ = {isa = PBXFileReference; lastKnownFileType = sourcecode.swift; path = LoginViewController.swift; sourceTree = "<group>"; };
		31BC261F1A8517B30026160A /* Base */ = {isa = PBXFileReference; lastKnownFileType = file.storyboard; name = Base; path = Base.lproj/Main.storyboard; sourceTree = "<group>"; };
		31BC26211A8517B30026160A /* Images.xcassets */ = {isa = PBXFileReference; lastKnownFileType = folder.assetcatalog; path = Images.xcassets; sourceTree = "<group>"; };
		31BC26241A8517B30026160A /* Base */ = {isa = PBXFileReference; lastKnownFileType = file.xib; name = Base; path = Base.lproj/LaunchScreen.xib; sourceTree = "<group>"; };
		31BC262A1A8517B30026160A /* WashupTests.xctest */ = {isa = PBXFileReference; explicitFileType = wrapper.cfbundle; includeInIndex = 0; path = WashupTests.xctest; sourceTree = BUILT_PRODUCTS_DIR; };
		31BC262F1A8517B30026160A /* Info.plist */ = {isa = PBXFileReference; lastKnownFileType = text.plist.xml; path = Info.plist; sourceTree = "<group>"; };
		31BC26301A8517B30026160A /* WashupTests.swift */ = {isa = PBXFileReference; lastKnownFileType = sourcecode.swift; path = WashupTests.swift; sourceTree = "<group>"; };
		31F3A43A1A86881600BFB0C8 /* RegisterViewController.swift */ = {isa = PBXFileReference; fileEncoding = 4; lastKnownFileType = sourcecode.swift; path = RegisterViewController.swift; sourceTree = "<group>"; };
		31F3A43D1A86936200BFB0C8 /* DashboardViewController.swift */ = {isa = PBXFileReference; fileEncoding = 4; lastKnownFileType = sourcecode.swift; path = DashboardViewController.swift; sourceTree = "<group>"; };
		31F3A43F1A86982800BFB0C8 /* PickupViewController.swift */ = {isa = PBXFileReference; fileEncoding = 4; lastKnownFileType = sourcecode.swift; path = PickupViewController.swift; sourceTree = "<group>"; };
		31F72B351A87210B00967B50 /* FormValidators.swift */ = {isa = PBXFileReference; fileEncoding = 4; lastKnownFileType = sourcecode.swift; path = FormValidators.swift; sourceTree = "<group>"; };
/* End PBXFileReference section */

/* Begin PBXFrameworksBuildPhase section */
		31BC26121A8517B30026160A /* Frameworks */ = {
			isa = PBXFrameworksBuildPhase;
			buildActionMask = 2147483647;
			files = (
				312C81601A865491006AD77E /* libsqlite3.dylib in Frameworks */,
				312C81611A865491006AD77E /* libz.dylib in Frameworks */,
				312C815D1A86546E006AD77E /* SystemConfiguration.framework in Frameworks */,
				312C815B1A865462006AD77E /* StoreKit.framework in Frameworks */,
				312C81591A86545B006AD77E /* Security.framework in Frameworks */,
				312C81571A865456006AD77E /* QuartzCore.framework in Frameworks */,
				312C81551A865450006AD77E /* MobileCoreServices.framework in Frameworks */,
				312C81511A865449006AD77E /* AudioToolbox.framework in Frameworks */,
				312C81521A865449006AD77E /* CFNetwork.framework in Frameworks */,
				312C81531A865449006AD77E /* CoreGraphics.framework in Frameworks */,
				312C814D1A86540A006AD77E /* Parse.framework in Frameworks */,
				312C814C1A86540A006AD77E /* Bolts.framework in Frameworks */,
			);
			runOnlyForDeploymentPostprocessing = 0;
		};
		31BC26271A8517B30026160A /* Frameworks */ = {
			isa = PBXFrameworksBuildPhase;
			buildActionMask = 2147483647;
			files = (
			);
			runOnlyForDeploymentPostprocessing = 0;
		};
/* End PBXFrameworksBuildPhase section */

/* Begin PBXGroup section */
		312C81491A8653DC006AD77E /* Frameworks */ = {
			isa = PBXGroup;
			children = (
				312C815E1A865491006AD77E /* libsqlite3.dylib */,
				312C815F1A865491006AD77E /* libz.dylib */,
				312C815C1A86546E006AD77E /* SystemConfiguration.framework */,
				312C815A1A865462006AD77E /* StoreKit.framework */,
				312C81581A86545B006AD77E /* Security.framework */,
				312C81561A865456006AD77E /* QuartzCore.framework */,
				312C81541A865450006AD77E /* MobileCoreServices.framework */,
				312C814E1A865449006AD77E /* AudioToolbox.framework */,
				312C814F1A865449006AD77E /* CFNetwork.framework */,
				312C81501A865449006AD77E /* CoreGraphics.framework */,
				312C814A1A86540A006AD77E /* Bolts.framework */,
				312C814B1A86540A006AD77E /* Parse.framework */,
			);
			name = Frameworks;
			path = Washup;
			sourceTree = "<group>";
		};
		317B73B71A867D6D004FF571 /* Resources */ = {
			isa = PBXGroup;
			children = (
				317B73B81A867D7A004FF571 /* Fonts */,
			);
			name = Resources;
			sourceTree = "<group>";
		};
		317B73B81A867D7A004FF571 /* Fonts */ = {
			isa = PBXGroup;
			children = (
				317B73B91A867DDB004FF571 /* Roboto Condensed 300.ttf */,
				317B73BA1A867DDB004FF571 /* Roboto Condensed 300italic.ttf */,
				317B73BB1A867DDB004FF571 /* Roboto Condensed 700.ttf */,
				317B73BC1A867DDB004FF571 /* Roboto Condensed 700italic.ttf */,
				317B73BD1A867DDB004FF571 /* Roboto Condensed italic.ttf */,
				317B73BE1A867DDB004FF571 /* Roboto Condensed regular.ttf */,
			);
			name = Fonts;
			sourceTree = "<group>";
		};
		31BC260C1A8517B30026160A = {
			isa = PBXGroup;
			children = (
				31BC26171A8517B30026160A /* Washup */,
				312C81491A8653DC006AD77E /* Frameworks */,
				317B73B71A867D6D004FF571 /* Resources */,
				31BC262D1A8517B30026160A /* WashupTests */,
				31BC26161A8517B30026160A /* Products */,
			);
			sourceTree = "<group>";
		};
		31BC26161A8517B30026160A /* Products */ = {
			isa = PBXGroup;
			children = (
				31BC26151A8517B30026160A /* Washup.app */,
				31BC262A1A8517B30026160A /* WashupTests.xctest */,
			);
			name = Products;
			sourceTree = "<group>";
		};
		31BC26171A8517B30026160A /* Washup */ = {
			isa = PBXGroup;
			children = (
				31BC261A1A8517B30026160A /* AppDelegate.swift */,
				31F3A43C1A86882100BFB0C8 /* ViewControllers */,
				31F72B341A8720E200967B50 /* Utilities */,
				31BC261E1A8517B30026160A /* Main.storyboard */,
				31BC26211A8517B30026160A /* Images.xcassets */,
				31BC26231A8517B30026160A /* LaunchScreen.xib */,
				31BC26181A8517B30026160A /* Supporting Files */,
				312C81621A86553C006AD77E /* Washup-Bridging-Header.h */,
			);
			path = Washup;
			sourceTree = "<group>";
		};
		31BC26181A8517B30026160A /* Supporting Files */ = {
			isa = PBXGroup;
			children = (
				31BC26191A8517B30026160A /* Info.plist */,
			);
			name = "Supporting Files";
			sourceTree = "<group>";
		};
		31BC262D1A8517B30026160A /* WashupTests */ = {
			isa = PBXGroup;
			children = (
				31BC26301A8517B30026160A /* WashupTests.swift */,
				31BC262E1A8517B30026160A /* Supporting Files */,
			);
			path = WashupTests;
			sourceTree = "<group>";
		};
		31BC262E1A8517B30026160A /* Supporting Files */ = {
			isa = PBXGroup;
			children = (
				31BC262F1A8517B30026160A /* Info.plist */,
			);
			name = "Supporting Files";
			sourceTree = "<group>";
		};
		31F3A43C1A86882100BFB0C8 /* ViewControllers */ = {
			isa = PBXGroup;
			children = (
				31BC261C1A8517B30026160A /* LoginViewController.swift */,
				31F3A43A1A86881600BFB0C8 /* RegisterViewController.swift */,
				31F3A43D1A86936200BFB0C8 /* DashboardViewController.swift */,
				31F3A43F1A86982800BFB0C8 /* PickupViewController.swift */,
			);
			name = ViewControllers;
			sourceTree = "<group>";
		};
		31F72B341A8720E200967B50 /* Utilities */ = {
			isa = PBXGroup;
			children = (
				31F72B351A87210B00967B50 /* FormValidators.swift */,
			);
			name = Utilities;
			sourceTree = "<group>";
		};
/* End PBXGroup section */

/* Begin PBXNativeTarget section */
		31BC26141A8517B30026160A /* Washup */ = {
			isa = PBXNativeTarget;
			buildConfigurationList = 31BC26341A8517B30026160A /* Build configuration list for PBXNativeTarget "Washup" */;
			buildPhases = (
				31BC26111A8517B30026160A /* Sources */,
				31BC26121A8517B30026160A /* Frameworks */,
				31BC26131A8517B30026160A /* Resources */,
			);
			buildRules = (
			);
			dependencies = (
			);
			name = Washup;
			productName = Washup;
			productReference = 31BC26151A8517B30026160A /* Washup.app */;
			productType = "com.apple.product-type.application";
		};
		31BC26291A8517B30026160A /* WashupTests */ = {
			isa = PBXNativeTarget;
			buildConfigurationList = 31BC26371A8517B30026160A /* Build configuration list for PBXNativeTarget "WashupTests" */;
			buildPhases = (
				31BC26261A8517B30026160A /* Sources */,
				31BC26271A8517B30026160A /* Frameworks */,
				31BC26281A8517B30026160A /* Resources */,
			);
			buildRules = (
			);
			dependencies = (
				31BC262C1A8517B30026160A /* PBXTargetDependency */,
			);
			name = WashupTests;
			productName = WashupTests;
			productReference = 31BC262A1A8517B30026160A /* WashupTests.xctest */;
			productType = "com.apple.product-type.bundle.unit-test";
		};
/* End PBXNativeTarget section */

/* Begin PBXProject section */
		31BC260D1A8517B30026160A /* Project object */ = {
			isa = PBXProject;
			attributes = {
				LastUpgradeCheck = 0610;
				ORGANIZATIONNAME = Hrishikesh;
				TargetAttributes = {
					31BC26141A8517B30026160A = {
						CreatedOnToolsVersion = 6.1.1;
					};
					31BC26291A8517B30026160A = {
						CreatedOnToolsVersion = 6.1.1;
						TestTargetID = 31BC26141A8517B30026160A;
					};
				};
			};
			buildConfigurationList = 31BC26101A8517B30026160A /* Build configuration list for PBXProject "Washup" */;
			compatibilityVersion = "Xcode 3.2";
			developmentRegion = English;
			hasScannedForEncodings = 0;
			knownRegions = (
				en,
				Base,
			);
			mainGroup = 31BC260C1A8517B30026160A;
			productRefGroup = 31BC26161A8517B30026160A /* Products */;
			projectDirPath = "";
			projectRoot = "";
			targets = (
				31BC26141A8517B30026160A /* Washup */,
				31BC26291A8517B30026160A /* WashupTests */,
			);
		};
/* End PBXProject section */

/* Begin PBXResourcesBuildPhase section */
		31BC26131A8517B30026160A /* Resources */ = {
			isa = PBXResourcesBuildPhase;
			buildActionMask = 2147483647;
			files = (
				31BC26201A8517B30026160A /* Main.storyboard in Resources */,
				31BC26251A8517B30026160A /* LaunchScreen.xib in Resources */,
				317B73C41A867DDB004FF571 /* Roboto Condensed regular.ttf in Resources */,
				317B73C01A867DDB004FF571 /* Roboto Condensed 300italic.ttf in Resources */,
				31BC26221A8517B30026160A /* Images.xcassets in Resources */,
				317B73BF1A867DDB004FF571 /* Roboto Condensed 300.ttf in Resources */,
				317B73C31A867DDB004FF571 /* Roboto Condensed italic.ttf in Resources */,
				317B73C21A867DDB004FF571 /* Roboto Condensed 700italic.ttf in Resources */,
				317B73C11A867DDB004FF571 /* Roboto Condensed 700.ttf in Resources */,
			);
			runOnlyForDeploymentPostprocessing = 0;
		};
		31BC26281A8517B30026160A /* Resources */ = {
			isa = PBXResourcesBuildPhase;
			buildActionMask = 2147483647;
			files = (
			);
			runOnlyForDeploymentPostprocessing = 0;
		};
/* End PBXResourcesBuildPhase section */

/* Begin PBXSourcesBuildPhase section */
		31BC26111A8517B30026160A /* Sources */ = {
			isa = PBXSourcesBuildPhase;
			buildActionMask = 2147483647;
			files = (
				31F3A4401A86982800BFB0C8 /* PickupViewController.swift in Sources */,
				31F3A43B1A86881600BFB0C8 /* RegisterViewController.swift in Sources */,
				31BC261D1A8517B30026160A /* LoginViewController.swift in Sources */,
				31BC261B1A8517B30026160A /* AppDelegate.swift in Sources */,
				31F72B361A87210B00967B50 /* FormValidators.swift in Sources */,
				31F3A43E1A86936200BFB0C8 /* DashboardViewController.swift in Sources */,
			);
			runOnlyForDeploymentPostprocessing = 0;
		};
		31BC26261A8517B30026160A /* Sources */ = {
			isa = PBXSourcesBuildPhase;
			buildActionMask = 2147483647;
			files = (
				31BC26311A8517B30026160A /* WashupTests.swift in Sources */,
			);
			runOnlyForDeploymentPostprocessing = 0;
		};
/* End PBXSourcesBuildPhase section */

/* Begin PBXTargetDependency section */
		31BC262C1A8517B30026160A /* PBXTargetDependency */ = {
			isa = PBXTargetDependency;
			target = 31BC26141A8517B30026160A /* Washup */;
			targetProxy = 31BC262B1A8517B30026160A /* PBXContainerItemProxy */;
		};
/* End PBXTargetDependency section */

/* Begin PBXVariantGroup section */
		31BC261E1A8517B30026160A /* Main.storyboard */ = {
			isa = PBXVariantGroup;
			children = (
				31BC261F1A8517B30026160A /* Base */,
			);
			name = Main.storyboard;
			sourceTree = "<group>";
		};
		31BC26231A8517B30026160A /* LaunchScreen.xib */ = {
			isa = PBXVariantGroup;
			children = (
				31BC26241A8517B30026160A /* Base */,
			);
			name = LaunchScreen.xib;
			sourceTree = "<group>";
		};
/* End PBXVariantGroup section */

/* Begin XCBuildConfiguration section */
		31BC26321A8517B30026160A /* Debug */ = {
			isa = XCBuildConfiguration;
			buildSettings = {
				ALWAYS_SEARCH_USER_PATHS = NO;
				CLANG_CXX_LANGUAGE_STANDARD = "gnu++0x";
				CLANG_CXX_LIBRARY = "libc++";
				CLANG_ENABLE_MODULES = YES;
				CLANG_ENABLE_OBJC_ARC = YES;
				CLANG_WARN_BOOL_CONVERSION = YES;
				CLANG_WARN_CONSTANT_CONVERSION = YES;
				CLANG_WARN_DIRECT_OBJC_ISA_USAGE = YES_ERROR;
				CLANG_WARN_EMPTY_BODY = YES;
				CLANG_WARN_ENUM_CONVERSION = YES;
				CLANG_WARN_INT_CONVERSION = YES;
				CLANG_WARN_OBJC_ROOT_CLASS = YES_ERROR;
				CLANG_WARN_UNREACHABLE_CODE = YES;
				CLANG_WARN__DUPLICATE_METHOD_MATCH = YES;
				"CODE_SIGN_IDENTITY[sdk=iphoneos*]" = "iPhone Developer";
				COPY_PHASE_STRIP = NO;
				ENABLE_STRICT_OBJC_MSGSEND = YES;
				GCC_C_LANGUAGE_STANDARD = gnu99;
				GCC_DYNAMIC_NO_PIC = NO;
				GCC_OPTIMIZATION_LEVEL = 0;
				GCC_PREPROCESSOR_DEFINITIONS = (
					"DEBUG=1",
					"$(inherited)",
				);
				GCC_SYMBOLS_PRIVATE_EXTERN = NO;
				GCC_WARN_64_TO_32_BIT_CONVERSION = YES;
				GCC_WARN_ABOUT_RETURN_TYPE = YES_ERROR;
				GCC_WARN_UNDECLARED_SELECTOR = YES;
				GCC_WARN_UNINITIALIZED_AUTOS = YES_AGGRESSIVE;
				GCC_WARN_UNUSED_FUNCTION = YES;
				GCC_WARN_UNUSED_VARIABLE = YES;
				IPHONEOS_DEPLOYMENT_TARGET = 8.1;
				MTL_ENABLE_DEBUG_INFO = YES;
				ONLY_ACTIVE_ARCH = YES;
				SDKROOT = iphoneos;
				SWIFT_OPTIMIZATION_LEVEL = "-Onone";
			};
			name = Debug;
		};
		31BC26331A8517B30026160A /* Release */ = {
			isa = XCBuildConfiguration;
			buildSettings = {
				ALWAYS_SEARCH_USER_PATHS = NO;
				CLANG_CXX_LANGUAGE_STANDARD = "gnu++0x";
				CLANG_CXX_LIBRARY = "libc++";
				CLANG_ENABLE_MODULES = YES;
				CLANG_ENABLE_OBJC_ARC = YES;
				CLANG_WARN_BOOL_CONVERSION = YES;
				CLANG_WARN_CONSTANT_CONVERSION = YES;
				CLANG_WARN_DIRECT_OBJC_ISA_USAGE = YES_ERROR;
				CLANG_WARN_EMPTY_BODY = YES;
				CLANG_WARN_ENUM_CONVERSION = YES;
				CLANG_WARN_INT_CONVERSION = YES;
				CLANG_WARN_OBJC_ROOT_CLASS = YES_ERROR;
				CLANG_WARN_UNREACHABLE_CODE = YES;
				CLANG_WARN__DUPLICATE_METHOD_MATCH = YES;
				"CODE_SIGN_IDENTITY[sdk=iphoneos*]" = "iPhone Developer";
				COPY_PHASE_STRIP = YES;
				ENABLE_NS_ASSERTIONS = NO;
				ENABLE_STRICT_OBJC_MSGSEND = YES;
				GCC_C_LANGUAGE_STANDARD = gnu99;
				GCC_WARN_64_TO_32_BIT_CONVERSION = YES;
				GCC_WARN_ABOUT_RETURN_TYPE = YES_ERROR;
				GCC_WARN_UNDECLARED_SELECTOR = YES;
				GCC_WARN_UNINITIALIZED_AUTOS = YES_AGGRESSIVE;
				GCC_WARN_UNUSED_FUNCTION = YES;
				GCC_WARN_UNUSED_VARIABLE = YES;
				IPHONEOS_DEPLOYMENT_TARGET = 8.1;
				MTL_ENABLE_DEBUG_INFO = NO;
				SDKROOT = iphoneos;
				VALIDATE_PRODUCT = YES;
			};
			name = Release;
		};
		31BC26351A8517B30026160A /* Debug */ = {
			isa = XCBuildConfiguration;
			buildSettings = {
				ASSETCATALOG_COMPILER_APPICON_NAME = AppIcon;
				ASSETCATALOG_COMPILER_LAUNCHIMAGE_NAME = LaunchImage;
				CLANG_ENABLE_MODULES = YES;
				FRAMEWORK_SEARCH_PATHS = (
					"$(inherited)",
					"$(PROJECT_DIR)/Washup",
				);
				INFOPLIST_FILE = Washup/Info.plist;
				IPHONEOS_DEPLOYMENT_TARGET = 7.1;
				LD_RUNPATH_SEARCH_PATHS = "$(inherited) @executable_path/Frameworks";
				PRODUCT_NAME = "$(TARGET_NAME)";
				SWIFT_OBJC_BRIDGING_HEADER = "Washup/Washup-Bridging-Header.h";
				SWIFT_OPTIMIZATION_LEVEL = "-Onone";
			};
			name = Debug;
		};
		31BC26361A8517B30026160A /* Release */ = {
			isa = XCBuildConfiguration;
			buildSettings = {
				ASSETCATALOG_COMPILER_APPICON_NAME = AppIcon;
				ASSETCATALOG_COMPILER_LAUNCHIMAGE_NAME = LaunchImage;
				CLANG_ENABLE_MODULES = YES;
				FRAMEWORK_SEARCH_PATHS = (
					"$(inherited)",
					"$(PROJECT_DIR)/Washup",
				);
				INFOPLIST_FILE = Washup/Info.plist;
				IPHONEOS_DEPLOYMENT_TARGET = 7.1;
				LD_RUNPATH_SEARCH_PATHS = "$(inherited) @executable_path/Frameworks";
				PRODUCT_NAME = "$(TARGET_NAME)";
				SWIFT_OBJC_BRIDGING_HEADER = "Washup/Washup-Bridging-Header.h";
			};
			name = Release;
		};
		31BC26381A8517B30026160A /* Debug */ = {
			isa = XCBuildConfiguration;
			buildSettings = {
				BUNDLE_LOADER = "$(TEST_HOST)";
				FRAMEWORK_SEARCH_PATHS = (
					"$(SDKROOT)/Developer/Library/Frameworks",
					"$(inherited)",
				);
				GCC_PREPROCESSOR_DEFINITIONS = (
					"DEBUG=1",
					"$(inherited)",
				);
				INFOPLIST_FILE = WashupTests/Info.plist;
				LD_RUNPATH_SEARCH_PATHS = "$(inherited) @executable_path/Frameworks @loader_path/Frameworks";
				PRODUCT_NAME = "$(TARGET_NAME)";
				TEST_HOST = "$(BUILT_PRODUCTS_DIR)/Washup.app/Washup";
			};
			name = Debug;
		};
		31BC26391A8517B30026160A /* Release */ = {
			isa = XCBuildConfiguration;
			buildSettings = {
				BUNDLE_LOADER = "$(TEST_HOST)";
				FRAMEWORK_SEARCH_PATHS = (
					"$(SDKROOT)/Developer/Library/Frameworks",
					"$(inherited)",
				);
				INFOPLIST_FILE = WashupTests/Info.plist;
				LD_RUNPATH_SEARCH_PATHS = "$(inherited) @executable_path/Frameworks @loader_path/Frameworks";
				PRODUCT_NAME = "$(TARGET_NAME)";
				TEST_HOST = "$(BUILT_PRODUCTS_DIR)/Washup.app/Washup";
			};
			name = Release;
		};
/* End XCBuildConfiguration section */

/* Begin XCConfigurationList section */
		31BC26101A8517B30026160A /* Build configuration list for PBXProject "Washup" */ = {
			isa = XCConfigurationList;
			buildConfigurations = (
				31BC26321A8517B30026160A /* Debug */,
				31BC26331A8517B30026160A /* Release */,
			);
			defaultConfigurationIsVisible = 0;
			defaultConfigurationName = Release;
		};
		31BC26341A8517B30026160A /* Build configuration list for PBXNativeTarget "Washup" */ = {
			isa = XCConfigurationList;
			buildConfigurations = (
				31BC26351A8517B30026160A /* Debug */,
				31BC26361A8517B30026160A /* Release */,
			);
			defaultConfigurationIsVisible = 0;
			defaultConfigurationName = Release;
		};
		31BC26371A8517B30026160A /* Build configuration list for PBXNativeTarget "WashupTests" */ = {
			isa = XCConfigurationList;
			buildConfigurations = (
				31BC26381A8517B30026160A /* Debug */,
				31BC26391A8517B30026160A /* Release */,
			);
			defaultConfigurationIsVisible = 0;
			defaultConfigurationName = Release;
		};
/* End XCConfigurationList section */
	};
	rootObject = 31BC260D1A8517B30026160A /* Project object */;
}
